
Microsoft Visual Studio Solution File, Format Version 12.00
# Visual Studio 15
Project("{FAE04EC0-301F-11D3-BF4B-00C04F79EFBC}") = "TechnologyComplex", "TechnologyComplex\TechnologyComplex.csproj", "{59612B66-2599-47B6-A364-7DA5E8390ADB}"
EndProject
Global
	GlobalSection(SolutionConfigurationPlatforms) = preSolution
		Debug|Any CPU = Debug|Any CPU
		Release|Any CPU = Release|Any CPU
	EndGlobalSection
	GlobalSection(ProjectConfigurationPlatforms) = postSolution
		{59612B66-2599-47B6-A364-7DA5E8390ADB}.Debug|Any CPU.ActiveCfg = Debug|Any CPU
		{59612B66-2599-47B6-A364-7DA5E8390ADB}.Debug|Any CPU.Build.0 = Debug|Any CPU
		{59612B66-2599-47B6-A364-7DA5E8390ADB}.Release|Any CPU.ActiveCfg = Release|Any CPU
		{59612B66-2599-47B6-A364-7DA5E8390ADB}.Release|Any CPU.Build.0 = Release|Any CPU
	EndGlobalSection
EndGlobal
